
Microsoft Visual Studio Solution File, Format Version 12.00
# Visual Studio Version 16
VisualStudioVersion = 16.0.30804.86
MinimumVisualStudioVersion = 10.0.40219.1
Project("{FAE04EC0-301F-11D3-BF4B-00C04F79EFBC}") = "ImageShareLikesEntityFramework.Web", "ImageShareLikesEntityFramework.Web\ImageShareLikesEntityFramework.Web.csproj", "{0E41F0E7-E92B-4E4D-9908-EA89C0991662}"
EndProject
Project("{FAE04EC0-301F-11D3-BF4B-00C04F79EFBC}") = "ImageShareLikesEntityFramework.Data", "ImageShareLikesEntityFramework.Data\ImageShareLikesEntityFramework.Data.csproj", "{1A1625FA-2314-4550-B1FC-ABCC94F13F48}"
EndProject
Global
	GlobalSection(SolutionConfigurationPlatforms) = preSolution
		Debug|Any CPU = Debug|Any CPU
		Release|Any CPU = Release|Any CPU
	EndGlobalSection
	GlobalSection(ProjectConfigurationPlatforms) = postSolution
		{0E41F0E7-E92B-4E4D-9908-EA89C0991662}.Debug|Any CPU.ActiveCfg = Debug|Any CPU
		{0E41F0E7-E92B-4E4D-9908-EA89C0991662}.Debug|Any CPU.Build.0 = Debug|Any CPU
		{0E41F0E7-E92B-4E4D-9908-EA89C0991662}.Release|Any CPU.ActiveCfg = Release|Any CPU
		{0E41F0E7-E92B-4E4D-9908-EA89C0991662}.Release|Any CPU.Build.0 = Release|Any CPU
		{1A1625FA-2314-4550-B1FC-ABCC94F13F48}.Debug|Any CPU.ActiveCfg = Debug|Any CPU
		{1A1625FA-2314-4550-B1FC-ABCC94F13F48}.Debug|Any CPU.Build.0 = Debug|Any CPU
		{1A1625FA-2314-4550-B1FC-ABCC94F13F48}.Release|Any CPU.ActiveCfg = Release|Any CPU
		{1A1625FA-2314-4550-B1FC-ABCC94F13F48}.Release|Any CPU.Build.0 = Release|Any CPU
	EndGlobalSection
	GlobalSection(SolutionProperties) = preSolution
		HideSolutionNode = FALSE
	EndGlobalSection
	GlobalSection(ExtensibilityGlobals) = postSolution
		SolutionGuid = {1C6182A5-341C-40D5-BA90-8CC75042928F}
	EndGlobalSection
EndGlobal
